
Microsoft Visual Studio Solution File, Format Version 12.00
# Visual Studio 15
Project("{FAE04EC0-301F-11D3-BF4B-00C04F79EFBC}") = "Assembly-CSharp", "Assembly-CSharp.csproj", "{001EA831-3872-420E-927B-1CA11F85ABFE}"
EndProject
Global
	GlobalSection(SolutionConfigurationPlatforms) = preSolution
		Debug|Any CPU = Debug|Any CPU
		Release|Any CPU = Release|Any CPU
	EndGlobalSection
	GlobalSection(ProjectConfigurationPlatforms) = postSolution
		{001EA831-3872-420E-927B-1CA11F85ABFE}.Debug|Any CPU.ActiveCfg = Debug|Any CPU
		{001EA831-3872-420E-927B-1CA11F85ABFE}.Debug|Any CPU.Build.0 = Debug|Any CPU
		{001EA831-3872-420E-927B-1CA11F85ABFE}.Release|Any CPU.ActiveCfg = Release|Any CPU
		{001EA831-3872-420E-927B-1CA11F85ABFE}.Release|Any CPU.Build.0 = Release|Any CPU
	EndGlobalSection
	GlobalSection(SolutionProperties) = preSolution
		HideSolutionNode = FALSE
	EndGlobalSection
EndGlobal
